
Microsoft Visual Studio Solution File, Format Version 12.00
# Visual Studio Version 17
VisualStudioVersion = 17.5.33516.290
MinimumVisualStudioVersion = 10.0.40219.1
Project("{9A19103F-16F7-4668-BE54-9A1E7A4F7556}") = "SudyApi", "SudyApi\SudyApi.csproj", "{FA54B4D3-6DF9-4A1C-A3F1-0A6CE0A465E9}"
EndProject
Project("{2150E333-8FDC-42A3-9474-1A3956D46DE8}") = "Solution Items", "Solution Items", "{D3A9AC47-FA07-44A5-8DC8-DCC738A4F50A}"
	ProjectSection(SolutionItems) = preProject
		.editorconfig = .editorconfig
	EndProjectSection
EndProject
Global
	GlobalSection(SolutionConfigurationPlatforms) = preSolution
		Debug|Any CPU = Debug|Any CPU
		Release|Any CPU = Release|Any CPU
	EndGlobalSection
	GlobalSection(ProjectConfigurationPlatforms) = postSolution
		{FA54B4D3-6DF9-4A1C-A3F1-0A6CE0A465E9}.Debug|Any CPU.ActiveCfg = Debug|Any CPU
		{FA54B4D3-6DF9-4A1C-A3F1-0A6CE0A465E9}.Debug|Any CPU.Build.0 = Debug|Any CPU
		{FA54B4D3-6DF9-4A1C-A3F1-0A6CE0A465E9}.Release|Any CPU.ActiveCfg = Release|Any CPU
		{FA54B4D3-6DF9-4A1C-A3F1-0A6CE0A465E9}.Release|Any CPU.Build.0 = Release|Any CPU
	EndGlobalSection
	GlobalSection(SolutionProperties) = preSolution
		HideSolutionNode = FALSE
	EndGlobalSection
	GlobalSection(ExtensibilityGlobals) = postSolution
		SolutionGuid = {41EC20FF-B009-4592-A909-B85927A7B5AC}
	EndGlobalSection
EndGlobal
